// !$*UTF8*$!
{
	archiveVersion = 1;
	classes = {
	};
	objectVersion = 50;
	objects = {

/* Begin PBXBuildFile section */
		F38AD6B5259DEF8100A3EC03 /* AppDelegate.swift in Sources */ = {isa = PBXBuildFile; fileRef = F38AD6B4259DEF8100A3EC03 /* AppDelegate.swift */; };
		F38AD6B7259DEF8100A3EC03 /* SceneDelegate.swift in Sources */ = {isa = PBXBuildFile; fileRef = F38AD6B6259DEF8100A3EC03 /* SceneDelegate.swift */; };
		F38AD6B9259DEF8100A3EC03 /* ViewController.swift in Sources */ = {isa = PBXBuildFile; fileRef = F38AD6B8259DEF8100A3EC03 /* ViewController.swift */; };
		F38AD6BC259DEF8100A3EC03 /* Main.storyboard in Resources */ = {isa = PBXBuildFile; fileRef = F38AD6BA259DEF8100A3EC03 /* Main.storyboard */; };
		F38AD6BE259DEF8200A3EC03 /* Assets.xcassets in Resources */ = {isa = PBXBuildFile; fileRef = F38AD6BD259DEF8200A3EC03 /* Assets.xcassets */; };
		F38AD6C1259DEF8200A3EC03 /* LaunchScreen.storyboard in Resources */ = {isa = PBXBuildFile; fileRef = F38AD6BF259DEF8200A3EC03 /* LaunchScreen.storyboard */; };
		F38AD6D5259E110C00A3EC03 /* MyCustomTableViewCell.swift in Sources */ = {isa = PBXBuildFile; fileRef = F38AD6D3259E110C00A3EC03 /* MyCustomTableViewCell.swift */; };
		F38AD6D6259E110C00A3EC03 /* MyCustomTableViewCell.xib in Resources */ = {isa = PBXBuildFile; fileRef = F38AD6D4259E110C00A3EC03 /* MyCustomTableViewCell.xib */; };
/* End PBXBuildFile section */

/* Begin PBXFileReference section */
		F38AD6B1259DEF8100A3EC03 /* TableViews.app */ = {isa = PBXFileReference; explicitFileType = wrapper.application; includeInIndex = 0; path = TableViews.app; sourceTree = BUILT_PRODUCTS_DIR; };
		F38AD6B4259DEF8100A3EC03 /* AppDelegate.swift */ = {isa = PBXFileReference; lastKnownFileType = sourcecode.swift; path = AppDelegate.swift; sourceTree = "<group>"; };
		F38AD6B6259DEF8100A3EC03 /* SceneDelegate.swift */ = {isa = PBXFileReference; lastKnownFileType = sourcecode.swift; path = SceneDelegate.swift; sourceTree = "<group>"; };
		F38AD6B8259DEF8100A3EC03 /* ViewController.swift */ = {isa = PBXFileReference; lastKnownFileType = sourcecode.swift; path = ViewController.swift; sourceTree = "<group>"; };
		F38AD6BB259DEF8100A3EC03 /* Base */ = {isa = PBXFileReference; lastKnownFileType = file.storyboard; name = Base; path = Base.lproj/Main.storyboard; sourceTree = "<group>"; };
		F38AD6BD259DEF8200A3EC03 /* Assets.xcassets */ = {isa = PBXFileReference; lastKnownFileType = folder.assetcatalog; path = Assets.xcassets; sourceTree = "<group>"; };
		F38AD6C0259DEF8200A3EC03 /* Base */ = {isa = PBXFileReference; lastKnownFileType = file.storyboard; name = Base; path = Base.lproj/LaunchScreen.storyboard; sourceTree = "<group>"; };
		F38AD6C2259DEF8200A3EC03 /* Info.plist */ = {isa = PBXFileReference; lastKnownFileType = text.plist.xml; path = Info.plist; sourceTree = "<group>"; };
		F38AD6D3259E110C00A3EC03 /* MyCustomTableViewCell.swift */ = {isa = PBXFileReference; lastKnownFileType = sourcecode.swift; path = MyCustomTableViewCell.swift; sourceTree = "<group>"; };
		F38AD6D4259E110C00A3EC03 /* MyCustomTableViewCell.xib */ = {isa = PBXFileReference; lastKnownFileType = file.xib; path = MyCustomTableViewCell.xib; sourceTree = "<group>"; };
/* End PBXFileReference section */

/* Begin PBXFrameworksBuildPhase section */
		F38AD6AE259DEF8100A3EC03 /* Frameworks */ = {
			isa = PBXFrameworksBuildPhase;
			buildActionMask = 2147483647;
			files = (
			);
			runOnlyForDeploymentPostprocessing = 0;
		};
/* End PBXFrameworksBuildPhase section */

/* Begin PBXGroup section */
		F38AD6A8259DEF8100A3EC03 = {
			isa = PBXGroup;
			children = (
				F38AD6B3259DEF8100A3EC03 /* TableViews */,
				F38AD6B2259DEF8100A3EC03 /* Products */,
			);
			sourceTree = "<group>";
		};
		F38AD6B2259DEF8100A3EC03 /* Products */ = {
			isa = PBXGroup;
			children = (
				F38AD6B1259DEF8100A3EC03 /* TableViews.app */,
			);
			name = Products;
			sourceTree = "<group>";
		};
		F38AD6B3259DEF8100A3EC03 /* TableViews */ = {
			isa = PBXGroup;
			children = (
				F38AD6B4259DEF8100A3EC03 /* AppDelegate.swift */,
				F38AD6B6259DEF8100A3EC03 /* SceneDelegate.swift */,
				F38AD6B8259DEF8100A3EC03 /* ViewController.swift */,
				F38AD6BA259DEF8100A3EC03 /* Main.storyboard */,
				F38AD6BD259DEF8200A3EC03 /* Assets.xcassets */,
				F38AD6BF259DEF8200A3EC03 /* LaunchScreen.storyboard */,
				F38AD6C2259DEF8200A3EC03 /* Info.plist */,
				F38AD6D3259E110C00A3EC03 /* MyCustomTableViewCell.swift */,
				F38AD6D4259E110C00A3EC03 /* MyCustomTableViewCell.xib */,
			);
			path = TableViews;
			sourceTree = "<group>";
		};
/* End PBXGroup section */

/* Begin PBXNativeTarget section */
		F38AD6B0259DEF8100A3EC03 /* TableViews */ = {
			isa = PBXNativeTarget;
			buildConfigurationList = F38AD6C5259DEF8200A3EC03 /* Build configuration list for PBXNativeTarget "TableViews" */;
			buildPhases = (
				F38AD6AD259DEF8100A3EC03 /* Sources */,
				F38AD6AE259DEF8100A3EC03 /* Frameworks */,
				F38AD6AF259DEF8100A3EC03 /* Resources */,
			);
			buildRules = (
			);
			dependencies = (
			);
			name = TableViews;
			productName = TableViews;
			productReference = F38AD6B1259DEF8100A3EC03 /* TableViews.app */;
			productType = "com.apple.product-type.application";
		};
/* End PBXNativeTarget section */

/* Begin PBXProject section */
		F38AD6A9259DEF8100A3EC03 /* Project object */ = {
			isa = PBXProject;
			attributes = {
				LastSwiftUpdateCheck = 1230;
				LastUpgradeCheck = 1230;
				TargetAttributes = {
					F38AD6B0259DEF8100A3EC03 = {
						CreatedOnToolsVersion = 12.3;
					};
				};
			};
			buildConfigurationList = F38AD6AC259DEF8100A3EC03 /* Build configuration list for PBXProject "TableViews" */;
			compatibilityVersion = "Xcode 9.3";
			developmentRegion = en;
			hasScannedForEncodings = 0;
			knownRegions = (
				en,
				Base,
			);
			mainGroup = F38AD6A8259DEF8100A3EC03;
			productRefGroup = F38AD6B2259DEF8100A3EC03 /* Products */;
			projectDirPath = "";
			projectRoot = "";
			targets = (
				F38AD6B0259DEF8100A3EC03 /* TableViews */,
			);
		};
/* End PBXProject section */

/* Begin PBXResourcesBuildPhase section */
		F38AD6AF259DEF8100A3EC03 /* Resources */ = {
			isa = PBXResourcesBuildPhase;
			buildActionMask = 2147483647;
			files = (
				F38AD6C1259DEF8200A3EC03 /* LaunchScreen.storyboard in Resources */,
				F38AD6BE259DEF8200A3EC03 /* Assets.xcassets in Resources */,
				F38AD6D6259E110C00A3EC03 /* MyCustomTableViewCell.xib in Resources */,
				F38AD6BC259DEF8100A3EC03 /* Main.storyboard in Resources */,
			);
			runOnlyForDeploymentPostprocessing = 0;
		};
/* End PBXResourcesBuildPhase section */

/* Begin PBXSourcesBuildPhase section */
		F38AD6AD259DEF8100A3EC03 /* Sources */ = {
			isa = PBXSourcesBuildPhase;
			buildActionMask = 2147483647;
			files = (
				F38AD6B9259DEF8100A3EC03 /* ViewController.swift in Sources */,
				F38AD6B5259DEF8100A3EC03 /* AppDelegate.swift in Sources */,
				F38AD6D5259E110C00A3EC03 /* MyCustomTableViewCell.swift in Sources */,
				F38AD6B7259DEF8100A3EC03 /* SceneDelegate.swift in Sources */,
			);
			runOnlyForDeploymentPostprocessing = 0;
		};
/* End PBXSourcesBuildPhase section */

/* Begin PBXVariantGroup section */
		F38AD6BA259DEF8100A3EC03 /* Main.storyboard */ = {
			isa = PBXVariantGroup;
			children = (
				F38AD6BB259DEF8100A3EC03 /* Base */,
			);
			name = Main.storyboard;
			sourceTree = "<group>";
		};
		F38AD6BF259DEF8200A3EC03 /* LaunchScreen.storyboard */ = {
			isa = PBXVariantGroup;
			children = (
				F38AD6C0259DEF8200A3EC03 /* Base */,
			);
			name = LaunchScreen.storyboard;
			sourceTree = "<group>";
		};
/* End PBXVariantGroup section */

/* Begin XCBuildConfiguration section */
		F38AD6C3259DEF8200A3EC03 /* Debug */ = {
			isa = XCBuildConfiguration;
			buildSettings = {
				ALWAYS_SEARCH_USER_PATHS = NO;
				CLANG_ANALYZER_NONNULL = YES;
				CLANG_ANALYZER_NUMBER_OBJECT_CONVERSION = YES_AGGRESSIVE;
				CLANG_CXX_LANGUAGE_STANDARD = "gnu++14";
				CLANG_CXX_LIBRARY = "libc++";
				CLANG_ENABLE_MODULES = YES;
				CLANG_ENABLE_OBJC_ARC = YES;
				CLANG_ENABLE_OBJC_WEAK = YES;
				CLANG_WARN_BLOCK_CAPTURE_AUTORELEASING = YES;
				CLANG_WARN_BOOL_CONVERSION = YES;
				CLANG_WARN_COMMA = YES;
				CLANG_WARN_CONSTANT_CONVERSION = YES;
				CLANG_WARN_DEPRECATED_OBJC_IMPLEMENTATIONS = YES;
				CLANG_WARN_DIRECT_OBJC_ISA_USAGE = YES_ERROR;
				CLANG_WARN_DOCUMENTATION_COMMENTS = YES;
				CLANG_WARN_EMPTY_BODY = YES;
				CLANG_WARN_ENUM_CONVERSION = YES;
				CLANG_WARN_INFINITE_RECURSION = YES;
				CLANG_WARN_INT_CONVERSION = YES;
				CLANG_WARN_NON_LITERAL_NULL_CONVERSION = YES;
				CLANG_WARN_OBJC_IMPLICIT_RETAIN_SELF = YES;
				CLANG_WARN_OBJC_LITERAL_CONVERSION = YES;
				CLANG_WARN_OBJC_ROOT_CLASS = YES_ERROR;
				CLANG_WARN_QUOTED_INCLUDE_IN_FRAMEWORK_HEADER = YES;
				CLANG_WARN_RANGE_LOOP_ANALYSIS = YES;
				CLANG_WARN_STRICT_PROTOTYPES = YES;
				CLANG_WARN_SUSPICIOUS_MOVE = YES;
				CLANG_WARN_UNGUARDED_AVAILABILITY = YES_AGGRESSIVE;
				CLANG_WARN_UNREACHABLE_CODE = YES;
				CLANG_WARN__DUPLICATE_METHOD_MATCH = YES;
				COPY_PHASE_STRIP = NO;
				DEBUG_INFORMATION_FORMAT = dwarf;
				ENABLE_STRICT_OBJC_MSGSEND = YES;
				ENABLE_TESTABILITY = YES;
				GCC_C_LANGUAGE_STANDARD = gnu11;
				GCC_DYNAMIC_NO_PIC = NO;
				GCC_NO_COMMON_BLOCKS = YES;
				GCC_OPTIMIZATION_LEVEL = 0;
				GCC_PREPROCESSOR_DEFINITIONS = (
					"DEBUG=1",
					"$(inherited)",
				);
				GCC_WARN_64_TO_32_BIT_CONVERSION = YES;
				GCC_WARN_ABOUT_RETURN_TYPE = YES_ERROR;
				GCC_WARN_UNDECLARED_SELECTOR = YES;
				GCC_WARN_UNINITIALIZED_AUTOS = YES_AGGRESSIVE;
				GCC_WARN_UNUSED_FUNCTION = YES;
				GCC_WARN_UNUSED_VARIABLE = YES;
				IPHONEOS_DEPLOYMENT_TARGET = 14.3;
				MTL_ENABLE_DEBUG_INFO = INCLUDE_SOURCE;
				MTL_FAST_MATH = YES;
				ONLY_ACTIVE_ARCH = YES;
				SDKROOT = iphoneos;
				SWIFT_ACTIVE_COMPILATION_CONDITIONS = DEBUG;
				SWIFT_OPTIMIZATION_LEVEL = "-Onone";
			};
			name = Debug;
		};
		F38AD6C4259DEF8200A3EC03 /* Release */ = {
			isa = XCBuildConfiguration;
			buildSettings = {
				ALWAYS_SEARCH_USER_PATHS = NO;
				CLANG_ANALYZER_NONNULL = YES;
				CLANG_ANALYZER_NUMBER_OBJECT_CONVERSION = YES_AGGRESSIVE;
				CLANG_CXX_LANGUAGE_STANDARD = "gnu++14";
				CLANG_CXX_LIBRARY = "libc++";
				CLANG_ENABLE_MODULES = YES;
				CLANG_ENABLE_OBJC_ARC = YES;
				CLANG_ENABLE_OBJC_WEAK = YES;
				CLANG_WARN_BLOCK_CAPTURE_AUTORELEASING = YES;
				CLANG_WARN_BOOL_CONVERSION = YES;
				CLANG_WARN_COMMA = YES;
				CLANG_WARN_CONSTANT_CONVERSION = YES;
				CLANG_WARN_DEPRECATED_OBJC_IMPLEMENTATIONS = YES;
				CLANG_WARN_DIRECT_OBJC_ISA_USAGE = YES_ERROR;
				CLANG_WARN_DOCUMENTATION_COMMENTS = YES;
				CLANG_WARN_EMPTY_BODY = YES;
				CLANG_WARN_ENUM_CONVERSION = YES;
				CLANG_WARN_INFINITE_RECURSION = YES;
				CLANG_WARN_INT_CONVERSION = YES;
				CLANG_WARN_NON_LITERAL_NULL_CONVERSION = YES;
				CLANG_WARN_OBJC_IMPLICIT_RETAIN_SELF = YES;
				CLANG_WARN_OBJC_LITERAL_CONVERSION = YES;
				CLANG_WARN_OBJC_ROOT_CLASS = YES_ERROR;
				CLANG_WARN_QUOTED_INCLUDE_IN_FRAMEWORK_HEADER = YES;
				CLANG_WARN_RANGE_LOOP_ANALYSIS = YES;
				CLANG_WARN_STRICT_PROTOTYPES = YES;
				CLANG_WARN_SUSPICIOUS_MOVE = YES;
				CLANG_WARN_UNGUARDED_AVAILABILITY = YES_AGGRESSIVE;
				CLANG_WARN_UNREACHABLE_CODE = YES;
				CLANG_WARN__DUPLICATE_METHOD_MATCH = YES;
				COPY_PHASE_STRIP = NO;
				DEBUG_INFORMATION_FORMAT = "dwarf-with-dsym";
				ENABLE_NS_ASSERTIONS = NO;
				ENABLE_STRICT_OBJC_MSGSEND = YES;
				GCC_C_LANGUAGE_STANDARD = gnu11;
				GCC_NO_COMMON_BLOCKS = YES;
				GCC_WARN_64_TO_32_BIT_CONVERSION = YES;
				GCC_WARN_ABOUT_RETURN_TYPE = YES_ERROR;
				GCC_WARN_UNDECLARED_SELECTOR = YES;
				GCC_WARN_UNINITIALIZED_AUTOS = YES_AGGRESSIVE;
				GCC_WARN_UNUSED_FUNCTION = YES;
				GCC_WARN_UNUSED_VARIABLE = YES;
				IPHONEOS_DEPLOYMENT_TARGET = 14.3;
				MTL_ENABLE_DEBUG_INFO = NO;
				MTL_FAST_MATH = YES;
				SDKROOT = iphoneos;
				SWIFT_COMPILATION_MODE = wholemodule;
				SWIFT_OPTIMIZATION_LEVEL = "-O";
				VALIDATE_PRODUCT = YES;
			};
			name = Release;
		};
		F38AD6C6259DEF8200A3EC03 /* Debug */ = {
			isa = XCBuildConfiguration;
			buildSettings = {
				ASSETCATALOG_COMPILER_APPICON_NAME = AppIcon;
				ASSETCATALOG_COMPILER_GLOBAL_ACCENT_COLOR_NAME = AccentColor;
				CODE_SIGN_STYLE = Automatic;
				DEVELOPMENT_TEAM = 83Z52K596R;
				INFOPLIST_FILE = TableViews/Info.plist;
				LD_RUNPATH_SEARCH_PATHS = (
					"$(inherited)",
					"@executable_path/Frameworks",
				);
				PRODUCT_BUNDLE_IDENTIFIER = com.karumi.TableViews;
				PRODUCT_NAME = "$(TARGET_NAME)";
				SWIFT_VERSION = 5.0;
				TARGETED_DEVICE_FAMILY = "1,2";
			};
			name = Debug;
		};
		F38AD6C7259DEF8200A3EC03 /* Release */ = {
			isa = XCBuildConfiguration;
			buildSettings = {
				ASSETCATALOG_COMPILER_APPICON_NAME = AppIcon;
				ASSETCATALOG_COMPILER_GLOBAL_ACCENT_COLOR_NAME = AccentColor;
				CODE_SIGN_STYLE = Automatic;
				DEVELOPMENT_TEAM = 83Z52K596R;
				INFOPLIST_FILE = TableViews/Info.plist;
				LD_RUNPATH_SEARCH_PATHS = (
					"$(inherited)",
					"@executable_path/Frameworks",
				);
				PRODUCT_BUNDLE_IDENTIFIER = com.karumi.TableViews;
				PRODUCT_NAME = "$(TARGET_NAME)";
				SWIFT_VERSION = 5.0;
				TARGETED_DEVICE_FAMILY = "1,2";
			};
			name = Release;
		};
/* End XCBuildConfiguration section */

/* Begin XCConfigurationList section */
		F38AD6AC259DEF8100A3EC03 /* Build configuration list for PBXProject "TableViews" */ = {
			isa = XCConfigurationList;
			buildConfigurations = (
				F38AD6C3259DEF8200A3EC03 /* Debug */,
				F38AD6C4259DEF8200A3EC03 /* Release */,
			);
			defaultConfigurationIsVisible = 0;
			defaultConfigurationName = Release;
		};
		F38AD6C5259DEF8200A3EC03 /* Build configuration list for PBXNativeTarget "TableViews" */ = {
			isa = XCConfigurationList;
			buildConfigurations = (
				F38AD6C6259DEF8200A3EC03 /* Debug */,
				F38AD6C7259DEF8200A3EC03 /* Release */,
			);
			defaultConfigurationIsVisible = 0;
			defaultConfigurationName = Release;
		};
/* End XCConfigurationList section */
	};
	rootObject = F38AD6A9259DEF8100A3EC03 /* Project object */;
}
